// !$*UTF8*$!
{
	archiveVersion = 1;
	classes = {
	};
	objectVersion = 77;
	objects = {

/* Begin PBXBuildFile section */
		01CDBF2E2D54E6B5008D9683 /* SPAExtensions in Frameworks */ = {isa = PBXBuildFile; productRef = 01CDBF2D2D54E6B5008D9683 /* SPAExtensions */; };
/* End PBXBuildFile section */

/* Begin PBXContainerItemProxy section */
		01CDBF102D54E64F008D9683 /* PBXContainerItemProxy */ = {
			isa = PBXContainerItemProxy;
			containerPortal = 01CDBEF72D54E64E008D9683 /* Project object */;
			proxyType = 1;
			remoteGlobalIDString = 01CDBEFE2D54E64E008D9683;
			remoteInfo = ExampleCurrencyExchange;
		};
		01CDBF1A2D54E64F008D9683 /* PBXContainerItemProxy */ = {
			isa = PBXContainerItemProxy;
			containerPortal = 01CDBEF72D54E64E008D9683 /* Project object */;
			proxyType = 1;
			remoteGlobalIDString = 01CDBEFE2D54E64E008D9683;
			remoteInfo = ExampleCurrencyExchange;
		};
/* End PBXContainerItemProxy section */

/* Begin PBXFileReference section */
		01CDBEFF2D54E64E008D9683 /* ExampleCurrencyExchange.app */ = {isa = PBXFileReference; explicitFileType = wrapper.application; includeInIndex = 0; path = ExampleCurrencyExchange.app; sourceTree = BUILT_PRODUCTS_DIR; };
		01CDBF0F2D54E64F008D9683 /* ExampleCurrencyExchangeTests.xctest */ = {isa = PBXFileReference; explicitFileType = wrapper.cfbundle; includeInIndex = 0; path = ExampleCurrencyExchangeTests.xctest; sourceTree = BUILT_PRODUCTS_DIR; };
		01CDBF192D54E64F008D9683 /* ExampleCurrencyExchangeUITests.xctest */ = {isa = PBXFileReference; explicitFileType = wrapper.cfbundle; includeInIndex = 0; path = ExampleCurrencyExchangeUITests.xctest; sourceTree = BUILT_PRODUCTS_DIR; };
/* End PBXFileReference section */

/* Begin PBXFileSystemSynchronizedBuildFileExceptionSet section */
		01CDBF302D54EAEB008D9683 /* Exceptions for "ExampleCurrencyExchange" folder in "ExampleCurrencyExchange" target */ = {
			isa = PBXFileSystemSynchronizedBuildFileExceptionSet;
			membershipExceptions = (
				Info.plist,
			);
			target = 01CDBEFE2D54E64E008D9683 /* ExampleCurrencyExchange */;
		};
/* End PBXFileSystemSynchronizedBuildFileExceptionSet section */

/* Begin PBXFileSystemSynchronizedRootGroup section */
		01CDBF012D54E64E008D9683 /* ExampleCurrencyExchange */ = {
			isa = PBXFileSystemSynchronizedRootGroup;
			exceptions = (
				01CDBF302D54EAEB008D9683 /* Exceptions for "ExampleCurrencyExchange" folder in "ExampleCurrencyExchange" target */,
			);
			path = ExampleCurrencyExchange;
			sourceTree = "<group>";
		};
		01CDBF122D54E64F008D9683 /* ExampleCurrencyExchangeTests */ = {
			isa = PBXFileSystemSynchronizedRootGroup;
			path = ExampleCurrencyExchangeTests;
			sourceTree = "<group>";
		};
		01CDBF1C2D54E64F008D9683 /* ExampleCurrencyExchangeUITests */ = {
			isa = PBXFileSystemSynchronizedRootGroup;
			path = ExampleCurrencyExchangeUITests;
			sourceTree = "<group>";
		};
/* End PBXFileSystemSynchronizedRootGroup section */

/* Begin PBXFrameworksBuildPhase section */
		01CDBEFC2D54E64E008D9683 /* Frameworks */ = {
			isa = PBXFrameworksBuildPhase;
			buildActionMask = 2147483647;
			files = (
				01CDBF2E2D54E6B5008D9683 /* SPAExtensions in Frameworks */,
			);
			runOnlyForDeploymentPostprocessing = 0;
		};
		01CDBF0C2D54E64F008D9683 /* Frameworks */ = {
			isa = PBXFrameworksBuildPhase;
			buildActionMask = 2147483647;
			files = (
			);
			runOnlyForDeploymentPostprocessing = 0;
		};
		01CDBF162D54E64F008D9683 /* Frameworks */ = {
			isa = PBXFrameworksBuildPhase;
			buildActionMask = 2147483647;
			files = (
			);
			runOnlyForDeploymentPostprocessing = 0;
		};
/* End PBXFrameworksBuildPhase section */

/* Begin PBXGroup section */
		01CDBEF62D54E64E008D9683 = {
			isa = PBXGroup;
			children = (
				01CDBF012D54E64E008D9683 /* ExampleCurrencyExchange */,
				01CDBF122D54E64F008D9683 /* ExampleCurrencyExchangeTests */,
				01CDBF1C2D54E64F008D9683 /* ExampleCurrencyExchangeUITests */,
				01CDBF002D54E64E008D9683 /* Products */,
			);
			sourceTree = "<group>";
		};
		01CDBF002D54E64E008D9683 /* Products */ = {
			isa = PBXGroup;
			children = (
				01CDBEFF2D54E64E008D9683 /* ExampleCurrencyExchange.app */,
				01CDBF0F2D54E64F008D9683 /* ExampleCurrencyExchangeTests.xctest */,
				01CDBF192D54E64F008D9683 /* ExampleCurrencyExchangeUITests.xctest */,
			);
			name = Products;
			sourceTree = "<group>";
		};
/* End PBXGroup section */

/* Begin PBXNativeTarget section */
		01CDBEFE2D54E64E008D9683 /* ExampleCurrencyExchange */ = {
			isa = PBXNativeTarget;
			buildConfigurationList = 01CDBF232D54E64F008D9683 /* Build configuration list for PBXNativeTarget "ExampleCurrencyExchange" */;
			buildPhases = (
				01CDBEFB2D54E64E008D9683 /* Sources */,
				01CDBEFC2D54E64E008D9683 /* Frameworks */,
				01CDBEFD2D54E64E008D9683 /* Resources */,
			);
			buildRules = (
			);
			dependencies = (
			);
			fileSystemSynchronizedGroups = (
				01CDBF012D54E64E008D9683 /* ExampleCurrencyExchange */,
			);
			name = ExampleCurrencyExchange;
			packageProductDependencies = (
				01CDBF2D2D54E6B5008D9683 /* SPAExtensions */,
			);
			productName = ExampleCurrencyExchange;
			productReference = 01CDBEFF2D54E64E008D9683 /* ExampleCurrencyExchange.app */;
			productType = "com.apple.product-type.application";
		};
		01CDBF0E2D54E64F008D9683 /* ExampleCurrencyExchangeTests */ = {
			isa = PBXNativeTarget;
			buildConfigurationList = 01CDBF262D54E64F008D9683 /* Build configuration list for PBXNativeTarget "ExampleCurrencyExchangeTests" */;
			buildPhases = (
				01CDBF0B2D54E64F008D9683 /* Sources */,
				01CDBF0C2D54E64F008D9683 /* Frameworks */,
				01CDBF0D2D54E64F008D9683 /* Resources */,
			);
			buildRules = (
			);
			dependencies = (
				01CDBF112D54E64F008D9683 /* PBXTargetDependency */,
			);
			fileSystemSynchronizedGroups = (
				01CDBF122D54E64F008D9683 /* ExampleCurrencyExchangeTests */,
			);
			name = ExampleCurrencyExchangeTests;
			packageProductDependencies = (
			);
			productName = ExampleCurrencyExchangeTests;
			productReference = 01CDBF0F2D54E64F008D9683 /* ExampleCurrencyExchangeTests.xctest */;
			productType = "com.apple.product-type.bundle.unit-test";
		};
		01CDBF182D54E64F008D9683 /* ExampleCurrencyExchangeUITests */ = {
			isa = PBXNativeTarget;
			buildConfigurationList = 01CDBF292D54E64F008D9683 /* Build configuration list for PBXNativeTarget "ExampleCurrencyExchangeUITests" */;
			buildPhases = (
				01CDBF152D54E64F008D9683 /* Sources */,
				01CDBF162D54E64F008D9683 /* Frameworks */,
				01CDBF172D54E64F008D9683 /* Resources */,
			);
			buildRules = (
			);
			dependencies = (
				01CDBF1B2D54E64F008D9683 /* PBXTargetDependency */,
			);
			fileSystemSynchronizedGroups = (
				01CDBF1C2D54E64F008D9683 /* ExampleCurrencyExchangeUITests */,
			);
			name = ExampleCurrencyExchangeUITests;
			packageProductDependencies = (
			);
			productName = ExampleCurrencyExchangeUITests;
			productReference = 01CDBF192D54E64F008D9683 /* ExampleCurrencyExchangeUITests.xctest */;
			productType = "com.apple.product-type.bundle.ui-testing";
		};
/* End PBXNativeTarget section */

/* Begin PBXProject section */
		01CDBEF72D54E64E008D9683 /* Project object */ = {
			isa = PBXProject;
			attributes = {
				BuildIndependentTargetsInParallel = 1;
				LastSwiftUpdateCheck = 1620;
				LastUpgradeCheck = 1620;
				TargetAttributes = {
					01CDBEFE2D54E64E008D9683 = {
						CreatedOnToolsVersion = 16.2;
					};
					01CDBF0E2D54E64F008D9683 = {
						CreatedOnToolsVersion = 16.2;
						TestTargetID = 01CDBEFE2D54E64E008D9683;
					};
					01CDBF182D54E64F008D9683 = {
						CreatedOnToolsVersion = 16.2;
						TestTargetID = 01CDBEFE2D54E64E008D9683;
					};
				};
			};
			buildConfigurationList = 01CDBEFA2D54E64E008D9683 /* Build configuration list for PBXProject "ExampleCurrencyExchange" */;
			developmentRegion = en;
			hasScannedForEncodings = 0;
			knownRegions = (
				en,
				Base,
			);
			mainGroup = 01CDBEF62D54E64E008D9683;
			minimizedProjectReferenceProxies = 1;
			packageReferences = (
				01CDBF2C2D54E6B5008D9683 /* XCRemoteSwiftPackageReference "SPAExtensions" */,
			);
			preferredProjectObjectVersion = 77;
			productRefGroup = 01CDBF002D54E64E008D9683 /* Products */;
			projectDirPath = "";
			projectRoot = "";
			targets = (
				01CDBEFE2D54E64E008D9683 /* ExampleCurrencyExchange */,
				01CDBF0E2D54E64F008D9683 /* ExampleCurrencyExchangeTests */,
				01CDBF182D54E64F008D9683 /* ExampleCurrencyExchangeUITests */,
			);
		};
/* End PBXProject section */

/* Begin PBXResourcesBuildPhase section */
		01CDBEFD2D54E64E008D9683 /* Resources */ = {
			isa = PBXResourcesBuildPhase;
			buildActionMask = 2147483647;
			files = (
			);
			runOnlyForDeploymentPostprocessing = 0;
		};
		01CDBF0D2D54E64F008D9683 /* Resources */ = {
			isa = PBXResourcesBuildPhase;
			buildActionMask = 2147483647;
			files = (
			);
			runOnlyForDeploymentPostprocessing = 0;
		};
		01CDBF172D54E64F008D9683 /* Resources */ = {
			isa = PBXResourcesBuildPhase;
			buildActionMask = 2147483647;
			files = (
			);
			runOnlyForDeploymentPostprocessing = 0;
		};
/* End PBXResourcesBuildPhase section */

/* Begin PBXSourcesBuildPhase section */
		01CDBEFB2D54E64E008D9683 /* Sources */ = {
			isa = PBXSourcesBuildPhase;
			buildActionMask = 2147483647;
			files = (
			);
			runOnlyForDeploymentPostprocessing = 0;
		};
		01CDBF0B2D54E64F008D9683 /* Sources */ = {
			isa = PBXSourcesBuildPhase;
			buildActionMask = 2147483647;
			files = (
			);
			runOnlyForDeploymentPostprocessing = 0;
		};
		01CDBF152D54E64F008D9683 /* Sources */ = {
			isa = PBXSourcesBuildPhase;
			buildActionMask = 2147483647;
			files = (
			);
			runOnlyForDeploymentPostprocessing = 0;
		};
/* End PBXSourcesBuildPhase section */

/* Begin PBXTargetDependency section */
		01CDBF112D54E64F008D9683 /* PBXTargetDependency */ = {
			isa = PBXTargetDependency;
			target = 01CDBEFE2D54E64E008D9683 /* ExampleCurrencyExchange */;
			targetProxy = 01CDBF102D54E64F008D9683 /* PBXContainerItemProxy */;
		};
		01CDBF1B2D54E64F008D9683 /* PBXTargetDependency */ = {
			isa = PBXTargetDependency;
			target = 01CDBEFE2D54E64E008D9683 /* ExampleCurrencyExchange */;
			targetProxy = 01CDBF1A2D54E64F008D9683 /* PBXContainerItemProxy */;
		};
/* End PBXTargetDependency section */

/* Begin XCBuildConfiguration section */
		01CDBF212D54E64F008D9683 /* Debug */ = {
			isa = XCBuildConfiguration;
			buildSettings = {
				ALWAYS_SEARCH_USER_PATHS = NO;
				ASSETCATALOG_COMPILER_GENERATE_SWIFT_ASSET_SYMBOL_EXTENSIONS = YES;
				CLANG_ANALYZER_NONNULL = YES;
				CLANG_ANALYZER_NUMBER_OBJECT_CONVERSION = YES_AGGRESSIVE;
				CLANG_CXX_LANGUAGE_STANDARD = "gnu++20";
				CLANG_ENABLE_MODULES = YES;
				CLANG_ENABLE_OBJC_ARC = YES;
				CLANG_ENABLE_OBJC_WEAK = YES;
				CLANG_WARN_BLOCK_CAPTURE_AUTORELEASING = YES;
				CLANG_WARN_BOOL_CONVERSION = YES;
				CLANG_WARN_COMMA = YES;
				CLANG_WARN_CONSTANT_CONVERSION = YES;
				CLANG_WARN_DEPRECATED_OBJC_IMPLEMENTATIONS = YES;
				CLANG_WARN_DIRECT_OBJC_ISA_USAGE = YES_ERROR;
				CLANG_WARN_DOCUMENTATION_COMMENTS = YES;
				CLANG_WARN_EMPTY_BODY = YES;
				CLANG_WARN_ENUM_CONVERSION = YES;
				CLANG_WARN_INFINITE_RECURSION = YES;
				CLANG_WARN_INT_CONVERSION = YES;
				CLANG_WARN_NON_LITERAL_NULL_CONVERSION = YES;
				CLANG_WARN_OBJC_IMPLICIT_RETAIN_SELF = YES;
				CLANG_WARN_OBJC_LITERAL_CONVERSION = YES;
				CLANG_WARN_OBJC_ROOT_CLASS = YES_ERROR;
				CLANG_WARN_QUOTED_INCLUDE_IN_FRAMEWORK_HEADER = YES;
				CLANG_WARN_RANGE_LOOP_ANALYSIS = YES;
				CLANG_WARN_STRICT_PROTOTYPES = YES;
				CLANG_WARN_SUSPICIOUS_MOVE = YES;
				CLANG_WARN_UNGUARDED_AVAILABILITY = YES_AGGRESSIVE;
				CLANG_WARN_UNREACHABLE_CODE = YES;
				CLANG_WARN__DUPLICATE_METHOD_MATCH = YES;
				COPY_PHASE_STRIP = NO;
				DEBUG_INFORMATION_FORMAT = dwarf;
				ENABLE_STRICT_OBJC_MSGSEND = YES;
				ENABLE_TESTABILITY = YES;
				ENABLE_USER_SCRIPT_SANDBOXING = YES;
				GCC_C_LANGUAGE_STANDARD = gnu17;
				GCC_DYNAMIC_NO_PIC = NO;
				GCC_NO_COMMON_BLOCKS = YES;
				GCC_OPTIMIZATION_LEVEL = 0;
				GCC_PREPROCESSOR_DEFINITIONS = (
					"DEBUG=1",
					"$(inherited)",
				);
				GCC_WARN_64_TO_32_BIT_CONVERSION = YES;
				GCC_WARN_ABOUT_RETURN_TYPE = YES_ERROR;
				GCC_WARN_UNDECLARED_SELECTOR = YES;
				GCC_WARN_UNINITIALIZED_AUTOS = YES_AGGRESSIVE;
				GCC_WARN_UNUSED_FUNCTION = YES;
				GCC_WARN_UNUSED_VARIABLE = YES;
				IPHONEOS_DEPLOYMENT_TARGET = 18.2;
				LOCALIZATION_PREFERS_STRING_CATALOGS = YES;
				MTL_ENABLE_DEBUG_INFO = INCLUDE_SOURCE;
				MTL_FAST_MATH = YES;
				ONLY_ACTIVE_ARCH = YES;
				SDKROOT = iphoneos;
				SWIFT_ACTIVE_COMPILATION_CONDITIONS = "DEBUG $(inherited)";
				SWIFT_OPTIMIZATION_LEVEL = "-Onone";
			};
			name = Debug;
		};
		01CDBF222D54E64F008D9683 /* Release */ = {
			isa = XCBuildConfiguration;
			buildSettings = {
				ALWAYS_SEARCH_USER_PATHS = NO;
				ASSETCATALOG_COMPILER_GENERATE_SWIFT_ASSET_SYMBOL_EXTENSIONS = YES;
				CLANG_ANALYZER_NONNULL = YES;
				CLANG_ANALYZER_NUMBER_OBJECT_CONVERSION = YES_AGGRESSIVE;
				CLANG_CXX_LANGUAGE_STANDARD = "gnu++20";
				CLANG_ENABLE_MODULES = YES;
				CLANG_ENABLE_OBJC_ARC = YES;
				CLANG_ENABLE_OBJC_WEAK = YES;
				CLANG_WARN_BLOCK_CAPTURE_AUTORELEASING = YES;
				CLANG_WARN_BOOL_CONVERSION = YES;
				CLANG_WARN_COMMA = YES;
				CLANG_WARN_CONSTANT_CONVERSION = YES;
				CLANG_WARN_DEPRECATED_OBJC_IMPLEMENTATIONS = YES;
				CLANG_WARN_DIRECT_OBJC_ISA_USAGE = YES_ERROR;
				CLANG_WARN_DOCUMENTATION_COMMENTS = YES;
				CLANG_WARN_EMPTY_BODY = YES;
				CLANG_WARN_ENUM_CONVERSION = YES;
				CLANG_WARN_INFINITE_RECURSION = YES;
				CLANG_WARN_INT_CONVERSION = YES;
				CLANG_WARN_NON_LITERAL_NULL_CONVERSION = YES;
				CLANG_WARN_OBJC_IMPLICIT_RETAIN_SELF = YES;
				CLANG_WARN_OBJC_LITERAL_CONVERSION = YES;
				CLANG_WARN_OBJC_ROOT_CLASS = YES_ERROR;
				CLANG_WARN_QUOTED_INCLUDE_IN_FRAMEWORK_HEADER = YES;
				CLANG_WARN_RANGE_LOOP_ANALYSIS = YES;
				CLANG_WARN_STRICT_PROTOTYPES = YES;
				CLANG_WARN_SUSPICIOUS_MOVE = YES;
				CLANG_WARN_UNGUARDED_AVAILABILITY = YES_AGGRESSIVE;
				CLANG_WARN_UNREACHABLE_CODE = YES;
				CLANG_WARN__DUPLICATE_METHOD_MATCH = YES;
				COPY_PHASE_STRIP = NO;
				DEBUG_INFORMATION_FORMAT = "dwarf-with-dsym";
				ENABLE_NS_ASSERTIONS = NO;
				ENABLE_STRICT_OBJC_MSGSEND = YES;
				ENABLE_USER_SCRIPT_SANDBOXING = YES;
				GCC_C_LANGUAGE_STANDARD = gnu17;
				GCC_NO_COMMON_BLOCKS = YES;
				GCC_WARN_64_TO_32_BIT_CONVERSION = YES;
				GCC_WARN_ABOUT_RETURN_TYPE = YES_ERROR;
				GCC_WARN_UNDECLARED_SELECTOR = YES;
				GCC_WARN_UNINITIALIZED_AUTOS = YES_AGGRESSIVE;
				GCC_WARN_UNUSED_FUNCTION = YES;
				GCC_WARN_UNUSED_VARIABLE = YES;
				IPHONEOS_DEPLOYMENT_TARGET = 18.2;
				LOCALIZATION_PREFERS_STRING_CATALOGS = YES;
				MTL_ENABLE_DEBUG_INFO = NO;
				MTL_FAST_MATH = YES;
				SDKROOT = iphoneos;
				SWIFT_COMPILATION_MODE = wholemodule;
				VALIDATE_PRODUCT = YES;
			};
			name = Release;
		};
		01CDBF242D54E64F008D9683 /* Debug */ = {
			isa = XCBuildConfiguration;
			buildSettings = {
				ASSETCATALOG_COMPILER_APPICON_NAME = AppIcon;
				ASSETCATALOG_COMPILER_GLOBAL_ACCENT_COLOR_NAME = AccentColor;
				CODE_SIGN_STYLE = Automatic;
				CURRENT_PROJECT_VERSION = 1;
				DEVELOPMENT_ASSET_PATHS = "\"ExampleCurrencyExchange/Preview Content\"";
				DEVELOPMENT_TEAM = 3R6F27739H;
				ENABLE_PREVIEWS = YES;
				GENERATE_INFOPLIST_FILE = YES;
				INFOPLIST_FILE = ExampleCurrencyExchange/Info.plist;
				INFOPLIST_KEY_UIApplicationSceneManifest_Generation = YES;
				INFOPLIST_KEY_UIApplicationSupportsIndirectInputEvents = YES;
				INFOPLIST_KEY_UILaunchScreen_Generation = YES;
				INFOPLIST_KEY_UISupportedInterfaceOrientations_iPad = "UIInterfaceOrientationPortrait UIInterfaceOrientationPortraitUpsideDown UIInterfaceOrientationLandscapeLeft UIInterfaceOrientationLandscapeRight";
				INFOPLIST_KEY_UISupportedInterfaceOrientations_iPhone = "UIInterfaceOrientationPortrait UIInterfaceOrientationLandscapeLeft UIInterfaceOrientationLandscapeRight";
				IPHONEOS_DEPLOYMENT_TARGET = 17.6;
				LD_RUNPATH_SEARCH_PATHS = (
					"$(inherited)",
					"@executable_path/Frameworks",
				);
				MARKETING_VERSION = 1.0;
				PRODUCT_BUNDLE_IDENTIFIER = net.apperi.ExampleCurrencyExchange;
				PRODUCT_NAME = "$(TARGET_NAME)";
				SWIFT_EMIT_LOC_STRINGS = YES;
				SWIFT_VERSION = 6.0;
				TARGETED_DEVICE_FAMILY = "1,2";
			};
			name = Debug;
		};
		01CDBF252D54E64F008D9683 /* Release */ = {
			isa = XCBuildConfiguration;
			buildSettings = {
				ASSETCATALOG_COMPILER_APPICON_NAME = AppIcon;
				ASSETCATALOG_COMPILER_GLOBAL_ACCENT_COLOR_NAME = AccentColor;
				CODE_SIGN_STYLE = Automatic;
				CURRENT_PROJECT_VERSION = 1;
				DEVELOPMENT_ASSET_PATHS = "\"ExampleCurrencyExchange/Preview Content\"";
				DEVELOPMENT_TEAM = 3R6F27739H;
				ENABLE_PREVIEWS = YES;
				GENERATE_INFOPLIST_FILE = YES;
				INFOPLIST_FILE = ExampleCurrencyExchange/Info.plist;
				INFOPLIST_KEY_UIApplicationSceneManifest_Generation = YES;
				INFOPLIST_KEY_UIApplicationSupportsIndirectInputEvents = YES;
				INFOPLIST_KEY_UILaunchScreen_Generation = YES;
				INFOPLIST_KEY_UISupportedInterfaceOrientations_iPad = "UIInterfaceOrientationPortrait UIInterfaceOrientationPortraitUpsideDown UIInterfaceOrientationLandscapeLeft UIInterfaceOrientationLandscapeRight";
				INFOPLIST_KEY_UISupportedInterfaceOrientations_iPhone = "UIInterfaceOrientationPortrait UIInterfaceOrientationLandscapeLeft UIInterfaceOrientationLandscapeRight";
				IPHONEOS_DEPLOYMENT_TARGET = 17.6;
				LD_RUNPATH_SEARCH_PATHS = (
					"$(inherited)",
					"@executable_path/Frameworks",
				);
				MARKETING_VERSION = 1.0;
				PRODUCT_BUNDLE_IDENTIFIER = net.apperi.ExampleCurrencyExchange;
				PRODUCT_NAME = "$(TARGET_NAME)";
				SWIFT_EMIT_LOC_STRINGS = YES;
				SWIFT_VERSION = 6.0;
				TARGETED_DEVICE_FAMILY = "1,2";
			};
			name = Release;
		};
		01CDBF272D54E64F008D9683 /* Debug */ = {
			isa = XCBuildConfiguration;
			buildSettings = {
				BUNDLE_LOADER = "$(TEST_HOST)";
				CODE_SIGN_STYLE = Automatic;
				CURRENT_PROJECT_VERSION = 1;
				DEVELOPMENT_TEAM = 3R6F27739H;
				GENERATE_INFOPLIST_FILE = YES;
				IPHONEOS_DEPLOYMENT_TARGET = 18.2;
				MARKETING_VERSION = 1.0;
				PRODUCT_BUNDLE_IDENTIFIER = net.apperi.ExampleCurrencyExchangeTests;
				PRODUCT_NAME = "$(TARGET_NAME)";
				SWIFT_EMIT_LOC_STRINGS = NO;
				SWIFT_VERSION = 5.0;
				TARGETED_DEVICE_FAMILY = "1,2";
				TEST_HOST = "$(BUILT_PRODUCTS_DIR)/ExampleCurrencyExchange.app/$(BUNDLE_EXECUTABLE_FOLDER_PATH)/ExampleCurrencyExchange";
			};
			name = Debug;
		};
		01CDBF282D54E64F008D9683 /* Release */ = {
			isa = XCBuildConfiguration;
			buildSettings = {
				BUNDLE_LOADER = "$(TEST_HOST)";
				CODE_SIGN_STYLE = Automatic;
				CURRENT_PROJECT_VERSION = 1;
				DEVELOPMENT_TEAM = 3R6F27739H;
				GENERATE_INFOPLIST_FILE = YES;
				IPHONEOS_DEPLOYMENT_TARGET = 18.2;
				MARKETING_VERSION = 1.0;
				PRODUCT_BUNDLE_IDENTIFIER = net.apperi.ExampleCurrencyExchangeTests;
				PRODUCT_NAME = "$(TARGET_NAME)";
				SWIFT_EMIT_LOC_STRINGS = NO;
				SWIFT_VERSION = 5.0;
				TARGETED_DEVICE_FAMILY = "1,2";
				TEST_HOST = "$(BUILT_PRODUCTS_DIR)/ExampleCurrencyExchange.app/$(BUNDLE_EXECUTABLE_FOLDER_PATH)/ExampleCurrencyExchange";
			};
			name = Release;
		};
		01CDBF2A2D54E64F008D9683 /* Debug */ = {
			isa = XCBuildConfiguration;
			buildSettings = {
				CODE_SIGN_STYLE = Automatic;
				CURRENT_PROJECT_VERSION = 1;
				DEVELOPMENT_TEAM = 3R6F27739H;
				GENERATE_INFOPLIST_FILE = YES;
				MARKETING_VERSION = 1.0;
				PRODUCT_BUNDLE_IDENTIFIER = net.apperi.ExampleCurrencyExchangeUITests;
				PRODUCT_NAME = "$(TARGET_NAME)";
				SWIFT_EMIT_LOC_STRINGS = NO;
				SWIFT_VERSION = 5.0;
				TARGETED_DEVICE_FAMILY = "1,2";
				TEST_TARGET_NAME = ExampleCurrencyExchange;
			};
			name = Debug;
		};
		01CDBF2B2D54E64F008D9683 /* Release */ = {
			isa = XCBuildConfiguration;
			buildSettings = {
				CODE_SIGN_STYLE = Automatic;
				CURRENT_PROJECT_VERSION = 1;
				DEVELOPMENT_TEAM = 3R6F27739H;
				GENERATE_INFOPLIST_FILE = YES;
				MARKETING_VERSION = 1.0;
				PRODUCT_BUNDLE_IDENTIFIER = net.apperi.ExampleCurrencyExchangeUITests;
				PRODUCT_NAME = "$(TARGET_NAME)";
				SWIFT_EMIT_LOC_STRINGS = NO;
				SWIFT_VERSION = 5.0;
				TARGETED_DEVICE_FAMILY = "1,2";
				TEST_TARGET_NAME = ExampleCurrencyExchange;
			};
			name = Release;
		};
/* End XCBuildConfiguration section */

/* Begin XCConfigurationList section */
		01CDBEFA2D54E64E008D9683 /* Build configuration list for PBXProject "ExampleCurrencyExchange" */ = {
			isa = XCConfigurationList;
			buildConfigurations = (
				01CDBF212D54E64F008D9683 /* Debug */,
				01CDBF222D54E64F008D9683 /* Release */,
			);
			defaultConfigurationIsVisible = 0;
			defaultConfigurationName = Release;
		};
		01CDBF232D54E64F008D9683 /* Build configuration list for PBXNativeTarget "ExampleCurrencyExchange" */ = {
			isa = XCConfigurationList;
			buildConfigurations = (
				01CDBF242D54E64F008D9683 /* Debug */,
				01CDBF252D54E64F008D9683 /* Release */,
			);
			defaultConfigurationIsVisible = 0;
			defaultConfigurationName = Release;
		};
		01CDBF262D54E64F008D9683 /* Build configuration list for PBXNativeTarget "ExampleCurrencyExchangeTests" */ = {
			isa = XCConfigurationList;
			buildConfigurations = (
				01CDBF272D54E64F008D9683 /* Debug */,
				01CDBF282D54E64F008D9683 /* Release */,
			);
			defaultConfigurationIsVisible = 0;
			defaultConfigurationName = Release;
		};
		01CDBF292D54E64F008D9683 /* Build configuration list for PBXNativeTarget "ExampleCurrencyExchangeUITests" */ = {
			isa = XCConfigurationList;
			buildConfigurations = (
				01CDBF2A2D54E64F008D9683 /* Debug */,
				01CDBF2B2D54E64F008D9683 /* Release */,
			);
			defaultConfigurationIsVisible = 0;
			defaultConfigurationName = Release;
		};
/* End XCConfigurationList section */

/* Begin XCRemoteSwiftPackageReference section */
		01CDBF2C2D54E6B5008D9683 /* XCRemoteSwiftPackageReference "SPAExtensions" */ = {
			isa = XCRemoteSwiftPackageReference;
			repositoryURL = "git@github.com:nspassov/SPAExtensions.git";
			requirement = {
				branch = main;
				kind = branch;
			};
		};
/* End XCRemoteSwiftPackageReference section */

/* Begin XCSwiftPackageProductDependency section */
		01CDBF2D2D54E6B5008D9683 /* SPAExtensions */ = {
			isa = XCSwiftPackageProductDependency;
			package = 01CDBF2C2D54E6B5008D9683 /* XCRemoteSwiftPackageReference "SPAExtensions" */;
			productName = SPAExtensions;
		};
/* End XCSwiftPackageProductDependency section */
	};
	rootObject = 01CDBEF72D54E64E008D9683 /* Project object */;
}
