{
  "originHash" : "0d90258777488990c008ab3d888a7293517e08063d84fe0d8df953f336ad1701",
  "pins" : [
    {
      "identity" : "fuse-swift",
      "kind" : "remoteSourceControl",
      "location" : "https://github.com/nspassov/fuse-swift",
      "state" : {
        "branch" : "master",
        "revision" : "26ba868691b2d8b7bf2b1322951eb591be70ccca"
      }
    },
    {
      "identity" : "ios-datepicker",
      "kind" : "remoteSourceControl",
      "location" : "https://github.com/cianru/ios-datepicker",
      "state" : {
        "revision" : "b37536d80128da3234715cc96cd7054b6556dfcb",
        "version" : "1.0.0"
      }
    },
    {
      "identity" : "nvactivityindicatorview",
      "kind" : "remoteSourceControl",
      "location" : "https://github.com/ninjaprox/NVActivityIndicatorView.git",
      "state" : {
        "revision" : "121455c4e630fcb95aaefd7e4257b0c2e3cfe6d5",
        "version" : "5.2.0"
      }
    },
    {
      "identity" : "spacomponents",
      "kind" : "remoteSourceControl",
      "location" : "git@github.com:nspassov/SPAComponents.git",
      "state" : {
        "branch" : "main",
        "revision" : "cfe4b655c57837af611e5e7c8f99a46eb45b08ba"
      }
    },
    {
      "identity" : "spaextensions",
      "kind" : "remoteSourceControl",
      "location" : "git@github.com:nspassov/SPAExtensions.git",
      "state" : {
        "branch" : "main",
        "revision" : "6f80498c19f5554c8d6bc094c7db6c254d8cb45b"
      }
    },
    {
      "identity" : "swiftmessages",
      "kind" : "remoteSourceControl",
      "location" : "https://github.com/SwiftKickMobile/SwiftMessages",
      "state" : {
        "revision" : "c544df6ce316422b9d65a571f932e800213dd09c",
        "version" : "10.0.1"
      }
    }
  ],
  "version" : 3
}
